# THIS IS AN AUTOGENERATED FILE. DO NOT EDIT THIS FILE DIRECTLY.
# yarn lockfile v1


"@types/node@^15.12.5":
  version "15.14.9"
  resolved "https://registry.npmmirror.com/@types/node/download/@types/node-15.14.9.tgz#bc43c990c3c9be7281868bbc7b8fdd6e2b57adfa"
  integrity sha1-vEPJkMPJvnKBhou8e4/dbitXrfo=
