# THIS IS AN AUTOGENERATED FILE. DO NOT EDIT THIS FILE DIRECTLY.
# yarn lockfile v1


css-loader@0.1.x:
  version "0.1.2"
  resolved "https://registry.yarnpkg.com/css-loader/-/css-loader-0.1.2.tgz#b57cecbd6ddf3e7e9a944e853caa695eb313850e"
  integrity sha1-tXzsvW3fPn6alE6FPKppXrMThQ4=
  dependencies:
    csso "1.2.x"

csso@1.2.x:
  version "1.2.18"
  resolved "https://registry.yarnpkg.com/csso/-/csso-1.2.18.tgz#c072db58ff3faf03b1a40453d757f155f377fa8a"
  integrity sha1-wHLbWP8/rwOxpART11fxVfN3+oo=

esprima@0.9.x:
  version "0.9.9"
  resolved "https://registry.yarnpkg.com/esprima/-/esprima-0.9.9.tgz#1b90925c975d632d7282939c3bb9c3a423c30490"
  integrity sha1-G5CSXJddYy1ygpOcO7nDpCPDBJA=

json-loader@0.1.x:
  version "0.1.8"
  resolved "https://registry.yarnpkg.com/json-loader/-/json-loader-0.1.8.tgz#c8c63aaa3e4d7e0dec6aa706b9e56a8a6dbd9143"
  integrity sha1-yMY6qj5Nfg3saqcGueVqim29kUM=

optimist@0.2.x:
  version "0.2.8"
  resolved "https://registry.yarnpkg.com/optimist/-/optimist-0.2.8.tgz#e981ab7e268b457948593b55674c099a815cac31"
  integrity sha1-6YGrfiaLRXlIWTtVZ0wJmoFcrDE=
  dependencies:
    wordwrap ">=0.0.1 <0.1.0"

sprintf@0.1.x:
  version "0.1.5"
  resolved "https://registry.yarnpkg.com/sprintf/-/sprintf-0.1.5.tgz#8f83e39a9317c1a502cb7db8050e51c679f6edcf"
  integrity sha1-j4PjmpMXwaUCy324BQ5Rxnn27c8=

style-loader@0.2.x:
  version "0.2.1"
  resolved "https://registry.yarnpkg.com/style-loader/-/style-loader-0.2.1.tgz#23e51020ccb85c8c7cff012fb9ee9e3f24edead8"
  integrity sha1-I+UQIMy4XIx8/wEvue6ePyTt6tg=

uglify-js@1.2.x:
  version "1.2.6"
  resolved "https://registry.yarnpkg.com/uglify-js/-/uglify-js-1.2.6.tgz#d354b2d3c1cf10ebc18fa78c11a28bdd9ce1580d"
  integrity sha1-01Sy08HPEOvBj6eMEaKL3ZzhWA0=

"wordwrap@>=0.0.1 <0.1.0":
  version "0.0.3"
  resolved "https://registry.yarnpkg.com/wordwrap/-/wordwrap-0.0.3.tgz#a3d5da6cd5c0bc0008d37234bbaf1bed63059107"
  integrity sha1-o9XabNXAvAAI03I0u68b7WMFkQc=
